
Microsoft Visual Studio Solution File, Format Version 12.00
# Visual Studio Version 17
VisualStudioVersion = 17.12.35521.163
MinimumVisualStudioVersion = 10.0.40219.1
Project("{FAE04EC0-301F-11D3-BF4B-00C04F79EFBC}") = "VrijwilligersWerkApp", "VrijwilligersWerkApp\VrijwilligersWerkApp.csproj", "{CB249EF0-9E78-41EB-8E3F-7FA769E435F8}"
EndProject
Project("{FAE04EC0-301F-11D3-BF4B-00C04F79EFBC}") = "Domain", "Domain\Domain.csproj", "{3A1D3CAA-8462-4E78-8BBC-5921F4A9AB31}"
EndProject
Project("{FAE04EC0-301F-11D3-BF4B-00C04F79EFBC}") = "Infrastructure", "Infrastructure\Infrastructure.csproj", "{5E55FD47-E1A7-4AC4-8240-5977E43847E7}"
EndProject
Global
	GlobalSection(SolutionConfigurationPlatforms) = preSolution
		Debug|Any CPU = Debug|Any CPU
		Release|Any CPU = Release|Any CPU
	EndGlobalSection
	GlobalSection(ProjectConfigurationPlatforms) = postSolution
		{CB249EF0-9E78-41EB-8E3F-7FA769E435F8}.Debug|Any CPU.ActiveCfg = Debug|Any CPU
		{CB249EF0-9E78-41EB-8E3F-7FA769E435F8}.Debug|Any CPU.Build.0 = Debug|Any CPU
		{CB249EF0-9E78-41EB-8E3F-7FA769E435F8}.Release|Any CPU.ActiveCfg = Release|Any CPU
		{CB249EF0-9E78-41EB-8E3F-7FA769E435F8}.Release|Any CPU.Build.0 = Release|Any CPU
		{3A1D3CAA-8462-4E78-8BBC-5921F4A9AB31}.Debug|Any CPU.ActiveCfg = Debug|Any CPU
		{3A1D3CAA-8462-4E78-8BBC-5921F4A9AB31}.Debug|Any CPU.Build.0 = Debug|Any CPU
		{3A1D3CAA-8462-4E78-8BBC-5921F4A9AB31}.Release|Any CPU.ActiveCfg = Release|Any CPU
		{3A1D3CAA-8462-4E78-8BBC-5921F4A9AB31}.Release|Any CPU.Build.0 = Release|Any CPU
		{5E55FD47-E1A7-4AC4-8240-5977E43847E7}.Debug|Any CPU.ActiveCfg = Debug|Any CPU
		{5E55FD47-E1A7-4AC4-8240-5977E43847E7}.Debug|Any CPU.Build.0 = Debug|Any CPU
		{5E55FD47-E1A7-4AC4-8240-5977E43847E7}.Release|Any CPU.ActiveCfg = Release|Any CPU
		{5E55FD47-E1A7-4AC4-8240-5977E43847E7}.Release|Any CPU.Build.0 = Release|Any CPU
	EndGlobalSection
	GlobalSection(SolutionProperties) = preSolution
		HideSolutionNode = FALSE
	EndGlobalSection
EndGlobal
